
Microsoft Visual Studio Solution File, Format Version 12.00
# Visual Studio Version 16
VisualStudioVersion = 16.0.29926.136
MinimumVisualStudioVersion = 10.0.40219.1
Project("{FAE04EC0-301F-11D3-BF4B-00C04F79EFBC}") = "SearchMoudle", "SearchMoudle\SearchMoudle.csproj", "{43B25F68-381A-431F-99FD-BF47286660DF}"
EndProject
Global
	GlobalSection(SolutionConfigurationPlatforms) = preSolution
		Debug|Any CPU = Debug|Any CPU
		Release|Any CPU = Release|Any CPU
	EndGlobalSection
	GlobalSection(ProjectConfigurationPlatforms) = postSolution
		{43B25F68-381A-431F-99FD-BF47286660DF}.Debug|Any CPU.ActiveCfg = Debug|Any CPU
		{43B25F68-381A-431F-99FD-BF47286660DF}.Debug|Any CPU.Build.0 = Debug|Any CPU
		{43B25F68-381A-431F-99FD-BF47286660DF}.Release|Any CPU.ActiveCfg = Release|Any CPU
		{43B25F68-381A-431F-99FD-BF47286660DF}.Release|Any CPU.Build.0 = Release|Any CPU
	EndGlobalSection
	GlobalSection(SolutionProperties) = preSolution
		HideSolutionNode = FALSE
	EndGlobalSection
	GlobalSection(ExtensibilityGlobals) = postSolution
		SolutionGuid = {E630C74A-D64A-47EE-A1EC-3BC5F87F0E6C}
	EndGlobalSection
EndGlobal
